# Pinned inputs for the pcb plugin's embedded Python runtime bundle.
#
# Consumed by scripts/build-python-runtime-bundle.sh (plugin-agnostic; every
# pcb-specific pin lives HERE). Shell-sourceable KEY=VALUE on purpose — same
# format rationale as cad/scripts/runtime-bundle.lock.
#
# The CI PBS download cache keys on the hash of THIS FILE, so bumping any pin
# invalidates the cache exactly when it should.

# python-build-standalone release tag + CPython version. Same pins as cad's
# lock so the two plugins ride one PBS download per runner when caches share.
PBS_TAG="20260510"
CPYTHON="3.12.13"

# Runtime deps only — the worker's [project.dependencies], EXACT pins for
# reproducibility. dev extras (pytest, pygerber, gerbonara) must NEVER enter
# the bundle: pygerber/gerbonara are the CAM oracle and shipping the oracle
# beside the emitter would let a packaging mistake grade its own homework.
# pyclipper is the one native wheel; cp312 coverage verified in
# worker/pyproject.toml's wheel-availability note (manylinux x86_64 +
# 2_28_aarch64 + macosx universal2 + win_amd64) — so unlike cad, pcb ships
# the FULL platform matrix including linux-arm64.
PIP_PKGS="pyyaml==6.0.2 gerber-writer==0.4.3.3 pyclipper==1.4.0"

# ── EXPECTED BYTES (acceptance check K23, work item 019ffc543d1d) ────────────
#
# A VERSION IS NOT AN IMMUTABLE IDENTITY. Everything above pins what to ask
# for; nothing pins what must come back. The same release tag can serve
# different bytes after a re-upload, through a compromised mirror, or via a
# truncated transfer that still exits 0 — and these artifacts are EXTRACTED
# AND EXECUTED during packaging, then shipped to every user of the plugin.
#
# build-python-runtime-bundle.sh verifies each of these BEFORE extraction and
# ALSO on a cache hit (a cached artifact was fetched at some earlier time under
# conditions nobody can now inspect, and on CI the cache is a shared writable
# store keyed by a hash of THIS FILE rather than of the payload).
#
# HOW TO POPULATE, once per pin: download the asset, sha256 it, paste it here,
# and record the URL it came from in the same commit. Do NOT copy a hash from
# anywhere but the bytes you actually fetched — a hash taken from the same page
# that served the file proves nothing about the file.
#
# EMPTY MEANS UNVERIFIED, AND THE BUILD SAYS SO on every run rather than
# treating silence as safety. tests/test_runtime_input_pins.py turns the
# omission into a FAILING check, so an unpinned input is tracked work rather
# than an invisible hole.
#
# Provenance for every input below:
#   python-build-standalone — https://github.com/astral-sh/python-build-standalone
#     releases/download/$PBS_TAG/cpython-$CPYTHON+$PBS_TAG-<asset>-install_only.tar.gz
#     License: PSF-2.0 (CPython) plus the project's own BSD-3-Clause tooling.
#   ripgrep — https://github.com/BurntSushi/ripgrep releases/download/$RG_VERSION/...
#     License: MIT OR Unlicense.
#   wheels — PyPI, versions pinned in PIP_PKGS above. Licenses: PyYAML MIT,
#     gerber-writer MIT, pyclipper MIT (Clipper itself is Boost-1.0).
PBS_SHA256_LINUX_X86_64=""
PBS_SHA256_LINUX_ARM64=""
PBS_SHA256_MACOS_ARM64=""
PBS_SHA256_MACOS_X86_64=""
PBS_SHA256_WINDOWS_X86_64=""

RG_SHA256_LINUX_X86_64=""
RG_SHA256_LINUX_ARM64=""
RG_SHA256_MACOS_ARM64=""
RG_SHA256_MACOS_X86_64=""
RG_SHA256_WINDOWS_X86_64=""

# Wheels are pinned by version above but NOT yet by hash. Closing this needs a
# generated requirements file consumed with pip --require-hashes, which refuses
# the whole install if any wheel's bytes differ. Tracked by the same test.
PIP_REQUIRE_HASHES_FILE=""

# Layer-1 import self-test (native builds only; cross targets skip). Imports
# every runtime dep plus both first-party worker packages, so an empty or
# mis-copied site-packages fails the bundle build, not the first user.
LAYER1_IMPORTS="import yaml; import gerber_writer; import pyclipper; import pcb_worker; import agent_router"

# First-party worker code copied into site-packages. Both packages from
# worker/pyproject.toml's wheel target: pcb_worker (the JSON-RPC worker) and
# agent_router (the vendored routing engine it imports).
WORKER_SOURCE_DIR="worker"
WORKER_PACKAGES="pcb_worker agent_router"

# go:embed-reachable output dir (Go forbids `..` in embed paths, so the
# bundle must live under the Go source tree). NOTE unlike cad, this dir
# carries COMMITTED zero-byte placeholders so the plugin compiles without a
# bundle (empty embed => sharedruntime dev-tier fallback); the CI package job
# overwrites them and pcb.yml's per-plugin 40MB size assertion catches a
# release that didn't (pcb bundles are bare-CPython-sized, ~25-110MB — cad's
# 100MB threshold would red the smaller legs).
BUNDLE_OUT_DIR="internal/pcbruntime/bundle"
